
Microsoft Visual Studio Solution File, Format Version 12.00
# Visual Studio Version 17
VisualStudioVersion = 17.10.35013.160
MinimumVisualStudioVersion = 10.0.40219.1
Project("{2150E333-8FDC-42A3-9474-1A3956D46DE8}") = "Services", "Services", "{E9031B8F-0666-408B-90D8-DA4492F360B5}"
EndProject
Project("{2150E333-8FDC-42A3-9474-1A3956D46DE8}") = "Catalog", "Catalog", "{CE35524E-880C-489D-9FA4-DF936F864EA4}"
EndProject
Project("{FAE04EC0-301F-11D3-BF4B-00C04F79EFBC}") = "Catalog.API", "Services\Catalog\Catalog.API\Catalog.API.csproj", "{2215BFE8-C897-4AB5-A43E-42E2BE0FA689}"
EndProject
Global
	GlobalSection(SolutionConfigurationPlatforms) = preSolution
		Debug|Any CPU = Debug|Any CPU
		Release|Any CPU = Release|Any CPU
	EndGlobalSection
	GlobalSection(ProjectConfigurationPlatforms) = postSolution
		{2215BFE8-C897-4AB5-A43E-42E2BE0FA689}.Debug|Any CPU.ActiveCfg = Debug|Any CPU
		{2215BFE8-C897-4AB5-A43E-42E2BE0FA689}.Debug|Any CPU.Build.0 = Debug|Any CPU
		{2215BFE8-C897-4AB5-A43E-42E2BE0FA689}.Release|Any CPU.ActiveCfg = Release|Any CPU
		{2215BFE8-C897-4AB5-A43E-42E2BE0FA689}.Release|Any CPU.Build.0 = Release|Any CPU
	EndGlobalSection
	GlobalSection(SolutionProperties) = preSolution
		HideSolutionNode = FALSE
	EndGlobalSection
	GlobalSection(NestedProjects) = preSolution
		{CE35524E-880C-489D-9FA4-DF936F864EA4} = {E9031B8F-0666-408B-90D8-DA4492F360B5}
		{2215BFE8-C897-4AB5-A43E-42E2BE0FA689} = {CE35524E-880C-489D-9FA4-DF936F864EA4}
	EndGlobalSection
	GlobalSection(ExtensibilityGlobals) = postSolution
		SolutionGuid = {6183758E-2A99-43F4-B1E6-F2E26B574093}
	EndGlobalSection
EndGlobal
